
Microsoft Visual Studio Solution File, Format Version 12.00
Project("{FAE04EC0-301F-11D3-BF4B-00C04F79EFBC}") = "ParkingFlow", "ParkingFlow\ParkingFlow.csproj", "{F57EBB1B-6BC5-4BAA-AA41-3C8B92714C41}"
EndProject
Global
	GlobalSection(SolutionConfigurationPlatforms) = preSolution
		Debug|Any CPU = Debug|Any CPU
		Release|Any CPU = Release|Any CPU
	EndGlobalSection
	GlobalSection(ProjectConfigurationPlatforms) = postSolution
		{F57EBB1B-6BC5-4BAA-AA41-3C8B92714C41}.Debug|Any CPU.ActiveCfg = Debug|Any CPU
		{F57EBB1B-6BC5-4BAA-AA41-3C8B92714C41}.Debug|Any CPU.Build.0 = Debug|Any CPU
		{F57EBB1B-6BC5-4BAA-AA41-3C8B92714C41}.Release|Any CPU.ActiveCfg = Release|Any CPU
		{F57EBB1B-6BC5-4BAA-AA41-3C8B92714C41}.Release|Any CPU.Build.0 = Release|Any CPU
	EndGlobalSection
EndGlobal
